// !$*UTF8*$!
{
	archiveVersion = 1;
	classes = {
	};
	objectVersion = 77;
	objects = {

/* Begin PBXBuildFile section */
		33F220582F9275BA00837818 /* analyze-project.md in Resources */ = {isa = PBXBuildFile; fileRef = 33F2204A2F9275BA00837818 /* analyze-project.md */; };
		33F220592F9275BA00837818 /* README.md in Resources */ = {isa = PBXBuildFile; fileRef = 33F220562F9275BA00837818 /* README.md */; };
		33F2205A2F9275BA00837818 /* architecture.md in Resources */ = {isa = PBXBuildFile; fileRef = 33F220502F9275BA00837818 /* architecture.md */; };
		33F2205B2F9275BA00837818 /* tasks.md in Resources */ = {isa = PBXBuildFile; fileRef = 33F220542F9275BA00837818 /* tasks.md */; };
		33F2205C2F9275BA00837818 /* review-architecture.md in Resources */ = {isa = PBXBuildFile; fileRef = 33F2204C2F9275BA00837818 /* review-architecture.md */; };
		33F2205D2F9275BA00837818 /* implement-next-task.md in Resources */ = {isa = PBXBuildFile; fileRef = 33F2204B2F9275BA00837818 /* implement-next-task.md */; };
		33F2205E2F9275BA00837818 /* decisions.md in Resources */ = {isa = PBXBuildFile; fileRef = 33F220522F9275BA00837818 /* decisions.md */; };
		33F2205F2F9275BA00837818 /* CLAUDE.md in Resources */ = {isa = PBXBuildFile; fileRef = 33F2204E2F9275BA00837818 /* CLAUDE.md */; };
		33F220602F9275BA00837818 /* requirements.md in Resources */ = {isa = PBXBuildFile; fileRef = 33F220532F9275BA00837818 /* requirements.md */; };
		33F220612F9275BA00837818 /* claude.md in Resources */ = {isa = PBXBuildFile; fileRef = 33F220512F9275BA00837818 /* claude.md */; };
/* End PBXBuildFile section */

/* Begin PBXContainerItemProxy section */
		33F2202E2F9274F100837818 /* PBXContainerItemProxy */ = {
			isa = PBXContainerItemProxy;
			containerPortal = 33F220162F9274F000837818 /* Project object */;
			proxyType = 1;
			remoteGlobalIDString = 33F2201D2F9274F000837818;
			remoteInfo = newsoftheworld;
		};
		33F220382F9274F100837818 /* PBXContainerItemProxy */ = {
			isa = PBXContainerItemProxy;
			containerPortal = 33F220162F9274F000837818 /* Project object */;
			proxyType = 1;
			remoteGlobalIDString = 33F2201D2F9274F000837818;
			remoteInfo = newsoftheworld;
		};
/* End PBXContainerItemProxy section */

/* Begin PBXFileReference section */
		33F2201E2F9274F000837818 /* newsoftheworld.app */ = {isa = PBXFileReference; explicitFileType = wrapper.application; includeInIndex = 0; path = newsoftheworld.app; sourceTree = BUILT_PRODUCTS_DIR; };
		33F2202D2F9274F100837818 /* newsoftheworldTests.xctest */ = {isa = PBXFileReference; explicitFileType = wrapper.cfbundle; includeInIndex = 0; path = newsoftheworldTests.xctest; sourceTree = BUILT_PRODUCTS_DIR; };
		33F220372F9274F100837818 /* newsoftheworldUITests.xctest */ = {isa = PBXFileReference; explicitFileType = wrapper.cfbundle; includeInIndex = 0; path = newsoftheworldUITests.xctest; sourceTree = BUILT_PRODUCTS_DIR; };
		33F2204A2F9275BA00837818 /* analyze-project.md */ = {isa = PBXFileReference; lastKnownFileType = net.daringfireball.markdown; path = "analyze-project.md"; sourceTree = "<group>"; };
		33F2204B2F9275BA00837818 /* implement-next-task.md */ = {isa = PBXFileReference; lastKnownFileType = net.daringfireball.markdown; path = "implement-next-task.md"; sourceTree = "<group>"; };
		33F2204C2F9275BA00837818 /* review-architecture.md */ = {isa = PBXFileReference; lastKnownFileType = net.daringfireball.markdown; path = "review-architecture.md"; sourceTree = "<group>"; };
		33F2204E2F9275BA00837818 /* CLAUDE.md */ = {isa = PBXFileReference; lastKnownFileType = net.daringfireball.markdown; path = CLAUDE.md; sourceTree = "<group>"; };
		33F220502F9275BA00837818 /* architecture.md */ = {isa = PBXFileReference; lastKnownFileType = net.daringfireball.markdown; path = architecture.md; sourceTree = "<group>"; };
		33F220512F9275BA00837818 /* claude.md */ = {isa = PBXFileReference; lastKnownFileType = net.daringfireball.markdown; path = claude.md; sourceTree = "<group>"; };
		33F220522F9275BA00837818 /* decisions.md */ = {isa = PBXFileReference; lastKnownFileType = net.daringfireball.markdown; path = decisions.md; sourceTree = "<group>"; };
		33F220532F9275BA00837818 /* requirements.md */ = {isa = PBXFileReference; lastKnownFileType = net.daringfireball.markdown; path = requirements.md; sourceTree = "<group>"; };
		33F220542F9275BA00837818 /* tasks.md */ = {isa = PBXFileReference; lastKnownFileType = net.daringfireball.markdown; path = tasks.md; sourceTree = "<group>"; };
		33F220562F9275BA00837818 /* README.md */ = {isa = PBXFileReference; lastKnownFileType = net.daringfireball.markdown; path = README.md; sourceTree = "<group>"; };
/* End PBXFileReference section */

/* Begin PBXFileSystemSynchronizedRootGroup section */
		33F220202F9274F000837818 /* newsoftheworld */ = {
			isa = PBXFileSystemSynchronizedRootGroup;
			path = newsoftheworld;
			sourceTree = "<group>";
		};
		33F220302F9274F100837818 /* newsoftheworldTests */ = {
			isa = PBXFileSystemSynchronizedRootGroup;
			path = newsoftheworldTests;
			sourceTree = "<group>";
		};
		33F2203A2F9274F100837818 /* newsoftheworldUITests */ = {
			isa = PBXFileSystemSynchronizedRootGroup;
			path = newsoftheworldUITests;
			sourceTree = "<group>";
		};
/* End PBXFileSystemSynchronizedRootGroup section */

/* Begin PBXFrameworksBuildPhase section */
		33F2201B2F9274F000837818 /* Frameworks */ = {
			isa = PBXFrameworksBuildPhase;
			buildActionMask = 2147483647;
			files = (
			);
			runOnlyForDeploymentPostprocessing = 0;
		};
		33F2202A2F9274F100837818 /* Frameworks */ = {
			isa = PBXFrameworksBuildPhase;
			buildActionMask = 2147483647;
			files = (
			);
			runOnlyForDeploymentPostprocessing = 0;
		};
		33F220342F9274F100837818 /* Frameworks */ = {
			isa = PBXFrameworksBuildPhase;
			buildActionMask = 2147483647;
			files = (
			);
			runOnlyForDeploymentPostprocessing = 0;
		};
/* End PBXFrameworksBuildPhase section */

/* Begin PBXGroup section */
		33F220152F9274F000837818 = {
			isa = PBXGroup;
			children = (
				33F220202F9274F000837818 /* newsoftheworld */,
				33F220302F9274F100837818 /* newsoftheworldTests */,
				33F2203A2F9274F100837818 /* newsoftheworldUITests */,
				33F2201F2F9274F000837818 /* Products */,
				33F220572F9275BA00837818 /* newsoftheworld-starter */,
			);
			sourceTree = "<group>";
		};
		33F2201F2F9274F000837818 /* Products */ = {
			isa = PBXGroup;
			children = (
				33F2201E2F9274F000837818 /* newsoftheworld.app */,
				33F2202D2F9274F100837818 /* newsoftheworldTests.xctest */,
				33F220372F9274F100837818 /* newsoftheworldUITests.xctest */,
			);
			name = Products;
			sourceTree = "<group>";
		};
		33F2204D2F9275BA00837818 /* commands */ = {
			isa = PBXGroup;
			children = (
				33F2204A2F9275BA00837818 /* analyze-project.md */,
				33F2204B2F9275BA00837818 /* implement-next-task.md */,
				33F2204C2F9275BA00837818 /* review-architecture.md */,
			);
			path = commands;
			sourceTree = "<group>";
		};
		33F2204F2F9275BA00837818 /* .claude */ = {
			isa = PBXGroup;
			children = (
				33F2204D2F9275BA00837818 /* commands */,
				33F2204E2F9275BA00837818 /* CLAUDE.md */,
			);
			path = .claude;
			sourceTree = "<group>";
		};
		33F220552F9275BA00837818 /* ai-context */ = {
			isa = PBXGroup;
			children = (
				33F220502F9275BA00837818 /* architecture.md */,
				33F220512F9275BA00837818 /* claude.md */,
				33F220522F9275BA00837818 /* decisions.md */,
				33F220532F9275BA00837818 /* requirements.md */,
				33F220542F9275BA00837818 /* tasks.md */,
			);
			path = "ai-context";
			sourceTree = "<group>";
		};
		33F220572F9275BA00837818 /* newsoftheworld-starter */ = {
			isa = PBXGroup;
			children = (
				33F2204F2F9275BA00837818 /* .claude */,
				33F220552F9275BA00837818 /* ai-context */,
				33F220562F9275BA00837818 /* README.md */,
			);
			path = "newsoftheworld-starter";
			sourceTree = "<group>";
		};
/* End PBXGroup section */

/* Begin PBXNativeTarget section */
		33F2201D2F9274F000837818 /* newsoftheworld */ = {
			isa = PBXNativeTarget;
			buildConfigurationList = 33F220412F9274F100837818 /* Build configuration list for PBXNativeTarget "newsoftheworld" */;
			buildPhases = (
				33F2201A2F9274F000837818 /* Sources */,
				33F2201B2F9274F000837818 /* Frameworks */,
				33F2201C2F9274F000837818 /* Resources */,
			);
			buildRules = (
			);
			dependencies = (
			);
			fileSystemSynchronizedGroups = (
				33F220202F9274F000837818 /* newsoftheworld */,
			);
			name = newsoftheworld;
			packageProductDependencies = (
			);
			productName = newsoftheworld;
			productReference = 33F2201E2F9274F000837818 /* newsoftheworld.app */;
			productType = "com.apple.product-type.application";
		};
		33F2202C2F9274F100837818 /* newsoftheworldTests */ = {
			isa = PBXNativeTarget;
			buildConfigurationList = 33F220442F9274F100837818 /* Build configuration list for PBXNativeTarget "newsoftheworldTests" */;
			buildPhases = (
				33F220292F9274F100837818 /* Sources */,
				33F2202A2F9274F100837818 /* Frameworks */,
				33F2202B2F9274F100837818 /* Resources */,
			);
			buildRules = (
			);
			dependencies = (
				33F2202F2F9274F100837818 /* PBXTargetDependency */,
			);
			fileSystemSynchronizedGroups = (
				33F220302F9274F100837818 /* newsoftheworldTests */,
			);
			name = newsoftheworldTests;
			packageProductDependencies = (
			);
			productName = newsoftheworldTests;
			productReference = 33F2202D2F9274F100837818 /* newsoftheworldTests.xctest */;
			productType = "com.apple.product-type.bundle.unit-test";
		};
		33F220362F9274F100837818 /* newsoftheworldUITests */ = {
			isa = PBXNativeTarget;
			buildConfigurationList = 33F220472F9274F100837818 /* Build configuration list for PBXNativeTarget "newsoftheworldUITests" */;
			buildPhases = (
				33F220332F9274F100837818 /* Sources */,
				33F220342F9274F100837818 /* Frameworks */,
				33F220352F9274F100837818 /* Resources */,
			);
			buildRules = (
			);
			dependencies = (
				33F220392F9274F100837818 /* PBXTargetDependency */,
			);
			fileSystemSynchronizedGroups = (
				33F2203A2F9274F100837818 /* newsoftheworldUITests */,
			);
			name = newsoftheworldUITests;
			packageProductDependencies = (
			);
			productName = newsoftheworldUITests;
			productReference = 33F220372F9274F100837818 /* newsoftheworldUITests.xctest */;
			productType = "com.apple.product-type.bundle.ui-testing";
		};
/* End PBXNativeTarget section */

/* Begin PBXProject section */
		33F220162F9274F000837818 /* Project object */ = {
			isa = PBXProject;
			attributes = {
				BuildIndependentTargetsInParallel = 1;
				LastSwiftUpdateCheck = 2640;
				LastUpgradeCheck = 2640;
				TargetAttributes = {
					33F2201D2F9274F000837818 = {
						CreatedOnToolsVersion = 26.4.1;
					};
					33F2202C2F9274F100837818 = {
						CreatedOnToolsVersion = 26.4.1;
						TestTargetID = 33F2201D2F9274F000837818;
					};
					33F220362F9274F100837818 = {
						CreatedOnToolsVersion = 26.4.1;
						TestTargetID = 33F2201D2F9274F000837818;
					};
				};
			};
			buildConfigurationList = 33F220192F9274F000837818 /* Build configuration list for PBXProject "newsoftheworld" */;
			developmentRegion = en;
			hasScannedForEncodings = 0;
			knownRegions = (
				en,
				Base,
			);
			mainGroup = 33F220152F9274F000837818;
			minimizedProjectReferenceProxies = 1;
			preferredProjectObjectVersion = 77;
			productRefGroup = 33F2201F2F9274F000837818 /* Products */;
			projectDirPath = "";
			projectRoot = "";
			targets = (
				33F2201D2F9274F000837818 /* newsoftheworld */,
				33F2202C2F9274F100837818 /* newsoftheworldTests */,
				33F220362F9274F100837818 /* newsoftheworldUITests */,
			);
		};
/* End PBXProject section */

/* Begin PBXResourcesBuildPhase section */
		33F2201C2F9274F000837818 /* Resources */ = {
			isa = PBXResourcesBuildPhase;
			buildActionMask = 2147483647;
			files = (
				33F220582F9275BA00837818 /* analyze-project.md in Resources */,
				33F220592F9275BA00837818 /* README.md in Resources */,
				33F2205A2F9275BA00837818 /* architecture.md in Resources */,
				33F2205B2F9275BA00837818 /* tasks.md in Resources */,
				33F2205C2F9275BA00837818 /* review-architecture.md in Resources */,
				33F2205D2F9275BA00837818 /* implement-next-task.md in Resources */,
				33F2205E2F9275BA00837818 /* decisions.md in Resources */,
				33F2205F2F9275BA00837818 /* CLAUDE.md in Resources */,
				33F220602F9275BA00837818 /* requirements.md in Resources */,
				33F220612F9275BA00837818 /* claude.md in Resources */,
			);
			runOnlyForDeploymentPostprocessing = 0;
		};
		33F2202B2F9274F100837818 /* Resources */ = {
			isa = PBXResourcesBuildPhase;
			buildActionMask = 2147483647;
			files = (
			);
			runOnlyForDeploymentPostprocessing = 0;
		};
		33F220352F9274F100837818 /* Resources */ = {
			isa = PBXResourcesBuildPhase;
			buildActionMask = 2147483647;
			files = (
			);
			runOnlyForDeploymentPostprocessing = 0;
		};
/* End PBXResourcesBuildPhase section */

/* Begin PBXSourcesBuildPhase section */
		33F2201A2F9274F000837818 /* Sources */ = {
			isa = PBXSourcesBuildPhase;
			buildActionMask = 2147483647;
			files = (
			);
			runOnlyForDeploymentPostprocessing = 0;
		};
		33F220292F9274F100837818 /* Sources */ = {
			isa = PBXSourcesBuildPhase;
			buildActionMask = 2147483647;
			files = (
			);
			runOnlyForDeploymentPostprocessing = 0;
		};
		33F220332F9274F100837818 /* Sources */ = {
			isa = PBXSourcesBuildPhase;
			buildActionMask = 2147483647;
			files = (
			);
			runOnlyForDeploymentPostprocessing = 0;
		};
/* End PBXSourcesBuildPhase section */

/* Begin PBXTargetDependency section */
		33F2202F2F9274F100837818 /* PBXTargetDependency */ = {
			isa = PBXTargetDependency;
			target = 33F2201D2F9274F000837818 /* newsoftheworld */;
			targetProxy = 33F2202E2F9274F100837818 /* PBXContainerItemProxy */;
		};
		33F220392F9274F100837818 /* PBXTargetDependency */ = {
			isa = PBXTargetDependency;
			target = 33F2201D2F9274F000837818 /* newsoftheworld */;
			targetProxy = 33F220382F9274F100837818 /* PBXContainerItemProxy */;
		};
/* End PBXTargetDependency section */

/* Begin XCBuildConfiguration section */
		33F2203F2F9274F100837818 /* Debug */ = {
			isa = XCBuildConfiguration;
			buildSettings = {
				ALWAYS_SEARCH_USER_PATHS = NO;
				ASSETCATALOG_COMPILER_GENERATE_SWIFT_ASSET_SYMBOL_EXTENSIONS = YES;
				CLANG_ANALYZER_NONNULL = YES;
				CLANG_ANALYZER_NUMBER_OBJECT_CONVERSION = YES_AGGRESSIVE;
				CLANG_CXX_LANGUAGE_STANDARD = "gnu++20";
				CLANG_ENABLE_MODULES = YES;
				CLANG_ENABLE_OBJC_ARC = YES;
				CLANG_ENABLE_OBJC_WEAK = YES;
				CLANG_WARN_BLOCK_CAPTURE_AUTORELEASING = YES;
				CLANG_WARN_BOOL_CONVERSION = YES;
				CLANG_WARN_COMMA = YES;
				CLANG_WARN_CONSTANT_CONVERSION = YES;
				CLANG_WARN_DEPRECATED_OBJC_IMPLEMENTATIONS = YES;
				CLANG_WARN_DIRECT_OBJC_ISA_USAGE = YES_ERROR;
				CLANG_WARN_DOCUMENTATION_COMMENTS = YES;
				CLANG_WARN_EMPTY_BODY = YES;
				CLANG_WARN_ENUM_CONVERSION = YES;
				CLANG_WARN_INFINITE_RECURSION = YES;
				CLANG_WARN_INT_CONVERSION = YES;
				CLANG_WARN_NON_LITERAL_NULL_CONVERSION = YES;
				CLANG_WARN_OBJC_IMPLICIT_RETAIN_SELF = YES;
				CLANG_WARN_OBJC_LITERAL_CONVERSION = YES;
				CLANG_WARN_OBJC_ROOT_CLASS = YES_ERROR;
				CLANG_WARN_QUOTED_INCLUDE_IN_FRAMEWORK_HEADER = YES;
				CLANG_WARN_RANGE_LOOP_ANALYSIS = YES;
				CLANG_WARN_STRICT_PROTOTYPES = YES;
				CLANG_WARN_SUSPICIOUS_MOVE = YES;
				CLANG_WARN_UNGUARDED_AVAILABILITY = YES_AGGRESSIVE;
				CLANG_WARN_UNREACHABLE_CODE = YES;
				CLANG_WARN__DUPLICATE_METHOD_MATCH = YES;
				COPY_PHASE_STRIP = NO;
				DEBUG_INFORMATION_FORMAT = dwarf;
				ENABLE_STRICT_OBJC_MSGSEND = YES;
				ENABLE_TESTABILITY = YES;
				ENABLE_USER_SCRIPT_SANDBOXING = YES;
				GCC_C_LANGUAGE_STANDARD = gnu17;
				GCC_DYNAMIC_NO_PIC = NO;
				GCC_NO_COMMON_BLOCKS = YES;
				GCC_OPTIMIZATION_LEVEL = 0;
				GCC_PREPROCESSOR_DEFINITIONS = (
					"DEBUG=1",
					"$(inherited)",
				);
				GCC_WARN_64_TO_32_BIT_CONVERSION = YES;
				GCC_WARN_ABOUT_RETURN_TYPE = YES_ERROR;
				GCC_WARN_UNDECLARED_SELECTOR = YES;
				GCC_WARN_UNINITIALIZED_AUTOS = YES_AGGRESSIVE;
				GCC_WARN_UNUSED_FUNCTION = YES;
				GCC_WARN_UNUSED_VARIABLE = YES;
				LOCALIZATION_PREFERS_STRING_CATALOGS = YES;
				MACOSX_DEPLOYMENT_TARGET = 26.4;
				MTL_ENABLE_DEBUG_INFO = INCLUDE_SOURCE;
				MTL_FAST_MATH = YES;
				ONLY_ACTIVE_ARCH = YES;
				SDKROOT = macosx;
				SWIFT_ACTIVE_COMPILATION_CONDITIONS = "DEBUG $(inherited)";
				SWIFT_OPTIMIZATION_LEVEL = "-Onone";
			};
			name = Debug;
		};
		33F220402F9274F100837818 /* Release */ = {
			isa = XCBuildConfiguration;
			buildSettings = {
				ALWAYS_SEARCH_USER_PATHS = NO;
				ASSETCATALOG_COMPILER_GENERATE_SWIFT_ASSET_SYMBOL_EXTENSIONS = YES;
				CLANG_ANALYZER_NONNULL = YES;
				CLANG_ANALYZER_NUMBER_OBJECT_CONVERSION = YES_AGGRESSIVE;
				CLANG_CXX_LANGUAGE_STANDARD = "gnu++20";
				CLANG_ENABLE_MODULES = YES;
				CLANG_ENABLE_OBJC_ARC = YES;
				CLANG_ENABLE_OBJC_WEAK = YES;
				CLANG_WARN_BLOCK_CAPTURE_AUTORELEASING = YES;
				CLANG_WARN_BOOL_CONVERSION = YES;
				CLANG_WARN_COMMA = YES;
				CLANG_WARN_CONSTANT_CONVERSION = YES;
				CLANG_WARN_DEPRECATED_OBJC_IMPLEMENTATIONS = YES;
				CLANG_WARN_DIRECT_OBJC_ISA_USAGE = YES_ERROR;
				CLANG_WARN_DOCUMENTATION_COMMENTS = YES;
				CLANG_WARN_EMPTY_BODY = YES;
				CLANG_WARN_ENUM_CONVERSION = YES;
				CLANG_WARN_INFINITE_RECURSION = YES;
				CLANG_WARN_INT_CONVERSION = YES;
				CLANG_WARN_NON_LITERAL_NULL_CONVERSION = YES;
				CLANG_WARN_OBJC_IMPLICIT_RETAIN_SELF = YES;
				CLANG_WARN_OBJC_LITERAL_CONVERSION = YES;
				CLANG_WARN_OBJC_ROOT_CLASS = YES_ERROR;
				CLANG_WARN_QUOTED_INCLUDE_IN_FRAMEWORK_HEADER = YES;
				CLANG_WARN_RANGE_LOOP_ANALYSIS = YES;
				CLANG_WARN_STRICT_PROTOTYPES = YES;
				CLANG_WARN_SUSPICIOUS_MOVE = YES;
				CLANG_WARN_UNGUARDED_AVAILABILITY = YES_AGGRESSIVE;
				CLANG_WARN_UNREACHABLE_CODE = YES;
				CLANG_WARN__DUPLICATE_METHOD_MATCH = YES;
				COPY_PHASE_STRIP = NO;
				DEBUG_INFORMATION_FORMAT = "dwarf-with-dsym";
				ENABLE_NS_ASSERTIONS = NO;
				ENABLE_STRICT_OBJC_MSGSEND = YES;
				ENABLE_USER_SCRIPT_SANDBOXING = YES;
				GCC_C_LANGUAGE_STANDARD = gnu17;
				GCC_NO_COMMON_BLOCKS = YES;
				GCC_WARN_64_TO_32_BIT_CONVERSION = YES;
				GCC_WARN_ABOUT_RETURN_TYPE = YES_ERROR;
				GCC_WARN_UNDECLARED_SELECTOR = YES;
				GCC_WARN_UNINITIALIZED_AUTOS = YES_AGGRESSIVE;
				GCC_WARN_UNUSED_FUNCTION = YES;
				GCC_WARN_UNUSED_VARIABLE = YES;
				LOCALIZATION_PREFERS_STRING_CATALOGS = YES;
				MACOSX_DEPLOYMENT_TARGET = 26.4;
				MTL_ENABLE_DEBUG_INFO = NO;
				MTL_FAST_MATH = YES;
				SDKROOT = macosx;
				SWIFT_COMPILATION_MODE = wholemodule;
			};
			name = Release;
		};
		33F220422F9274F100837818 /* Debug */ = {
			isa = XCBuildConfiguration;
			buildSettings = {
				ASSETCATALOG_COMPILER_APPICON_NAME = AppIcon;
				ASSETCATALOG_COMPILER_GLOBAL_ACCENT_COLOR_NAME = AccentColor;
				CODE_SIGN_STYLE = Automatic;
				COMBINE_HIDPI_IMAGES = YES;
				CURRENT_PROJECT_VERSION = 1;
				ENABLE_APP_SANDBOX = YES;
				ENABLE_PREVIEWS = YES;
				ENABLE_USER_SELECTED_FILES = readonly;
				GENERATE_INFOPLIST_FILE = YES;
				INFOPLIST_KEY_LSUIElement = YES;
				INFOPLIST_KEY_NSHumanReadableCopyright = "";
				LD_RUNPATH_SEARCH_PATHS = (
					"$(inherited)",
					"@executable_path/../Frameworks",
				);
				MARKETING_VERSION = 1.0;
				PRODUCT_BUNDLE_IDENTIFIER = de.paulkirchhoff.newsoftheworld;
				PRODUCT_NAME = "$(TARGET_NAME)";
				REGISTER_APP_GROUPS = YES;
				STRING_CATALOG_GENERATE_SYMBOLS = YES;
				SWIFT_APPROACHABLE_CONCURRENCY = YES;
				SWIFT_DEFAULT_ACTOR_ISOLATION = MainActor;
				SWIFT_EMIT_LOC_STRINGS = YES;
				SWIFT_UPCOMING_FEATURE_MEMBER_IMPORT_VISIBILITY = YES;
				SWIFT_VERSION = 5.0;
			};
			name = Debug;
		};
		33F220432F9274F100837818 /* Release */ = {
			isa = XCBuildConfiguration;
			buildSettings = {
				ASSETCATALOG_COMPILER_APPICON_NAME = AppIcon;
				ASSETCATALOG_COMPILER_GLOBAL_ACCENT_COLOR_NAME = AccentColor;
				CODE_SIGN_STYLE = Automatic;
				COMBINE_HIDPI_IMAGES = YES;
				CURRENT_PROJECT_VERSION = 1;
				ENABLE_APP_SANDBOX = YES;
				ENABLE_PREVIEWS = YES;
				ENABLE_USER_SELECTED_FILES = readonly;
				GENERATE_INFOPLIST_FILE = YES;
				INFOPLIST_KEY_LSUIElement = YES;
				INFOPLIST_KEY_NSHumanReadableCopyright = "";
				LD_RUNPATH_SEARCH_PATHS = (
					"$(inherited)",
					"@executable_path/../Frameworks",
				);
				MARKETING_VERSION = 1.0;
				PRODUCT_BUNDLE_IDENTIFIER = de.paulkirchhoff.newsoftheworld;
				PRODUCT_NAME = "$(TARGET_NAME)";
				REGISTER_APP_GROUPS = YES;
				STRING_CATALOG_GENERATE_SYMBOLS = YES;
				SWIFT_APPROACHABLE_CONCURRENCY = YES;
				SWIFT_DEFAULT_ACTOR_ISOLATION = MainActor;
				SWIFT_EMIT_LOC_STRINGS = YES;
				SWIFT_UPCOMING_FEATURE_MEMBER_IMPORT_VISIBILITY = YES;
				SWIFT_VERSION = 5.0;
			};
			name = Release;
		};
		33F220452F9274F100837818 /* Debug */ = {
			isa = XCBuildConfiguration;
			buildSettings = {
				BUNDLE_LOADER = "$(TEST_HOST)";
				CODE_SIGN_STYLE = Automatic;
				CURRENT_PROJECT_VERSION = 1;
				GENERATE_INFOPLIST_FILE = YES;
				MACOSX_DEPLOYMENT_TARGET = 26.4;
				MARKETING_VERSION = 1.0;
				PRODUCT_BUNDLE_IDENTIFIER = de.paulkirchhoff.newsoftheworldTests;
				PRODUCT_NAME = "$(TARGET_NAME)";
				STRING_CATALOG_GENERATE_SYMBOLS = NO;
				SWIFT_APPROACHABLE_CONCURRENCY = YES;
				SWIFT_EMIT_LOC_STRINGS = NO;
				SWIFT_UPCOMING_FEATURE_MEMBER_IMPORT_VISIBILITY = YES;
				SWIFT_VERSION = 5.0;
				TEST_HOST = "$(BUILT_PRODUCTS_DIR)/newsoftheworld.app/$(BUNDLE_EXECUTABLE_FOLDER_PATH)/newsoftheworld";
			};
			name = Debug;
		};
		33F220462F9274F100837818 /* Release */ = {
			isa = XCBuildConfiguration;
			buildSettings = {
				BUNDLE_LOADER = "$(TEST_HOST)";
				CODE_SIGN_STYLE = Automatic;
				CURRENT_PROJECT_VERSION = 1;
				GENERATE_INFOPLIST_FILE = YES;
				MACOSX_DEPLOYMENT_TARGET = 26.4;
				MARKETING_VERSION = 1.0;
				PRODUCT_BUNDLE_IDENTIFIER = de.paulkirchhoff.newsoftheworldTests;
				PRODUCT_NAME = "$(TARGET_NAME)";
				STRING_CATALOG_GENERATE_SYMBOLS = NO;
				SWIFT_APPROACHABLE_CONCURRENCY = YES;
				SWIFT_EMIT_LOC_STRINGS = NO;
				SWIFT_UPCOMING_FEATURE_MEMBER_IMPORT_VISIBILITY = YES;
				SWIFT_VERSION = 5.0;
				TEST_HOST = "$(BUILT_PRODUCTS_DIR)/newsoftheworld.app/$(BUNDLE_EXECUTABLE_FOLDER_PATH)/newsoftheworld";
			};
			name = Release;
		};
		33F220482F9274F100837818 /* Debug */ = {
			isa = XCBuildConfiguration;
			buildSettings = {
				CODE_SIGN_STYLE = Automatic;
				CURRENT_PROJECT_VERSION = 1;
				GENERATE_INFOPLIST_FILE = YES;
				MARKETING_VERSION = 1.0;
				PRODUCT_BUNDLE_IDENTIFIER = de.paulkirchhoff.newsoftheworldUITests;
				PRODUCT_NAME = "$(TARGET_NAME)";
				STRING_CATALOG_GENERATE_SYMBOLS = NO;
				SWIFT_APPROACHABLE_CONCURRENCY = YES;
				SWIFT_EMIT_LOC_STRINGS = NO;
				SWIFT_UPCOMING_FEATURE_MEMBER_IMPORT_VISIBILITY = YES;
				SWIFT_VERSION = 5.0;
				TEST_TARGET_NAME = newsoftheworld;
			};
			name = Debug;
		};
		33F220492F9274F100837818 /* Release */ = {
			isa = XCBuildConfiguration;
			buildSettings = {
				CODE_SIGN_STYLE = Automatic;
				CURRENT_PROJECT_VERSION = 1;
				GENERATE_INFOPLIST_FILE = YES;
				MARKETING_VERSION = 1.0;
				PRODUCT_BUNDLE_IDENTIFIER = de.paulkirchhoff.newsoftheworldUITests;
				PRODUCT_NAME = "$(TARGET_NAME)";
				STRING_CATALOG_GENERATE_SYMBOLS = NO;
				SWIFT_APPROACHABLE_CONCURRENCY = YES;
				SWIFT_EMIT_LOC_STRINGS = NO;
				SWIFT_UPCOMING_FEATURE_MEMBER_IMPORT_VISIBILITY = YES;
				SWIFT_VERSION = 5.0;
				TEST_TARGET_NAME = newsoftheworld;
			};
			name = Release;
		};
/* End XCBuildConfiguration section */

/* Begin XCConfigurationList section */
		33F220192F9274F000837818 /* Build configuration list for PBXProject "newsoftheworld" */ = {
			isa = XCConfigurationList;
			buildConfigurations = (
				33F2203F2F9274F100837818 /* Debug */,
				33F220402F9274F100837818 /* Release */,
			);
			defaultConfigurationIsVisible = 0;
			defaultConfigurationName = Release;
		};
		33F220412F9274F100837818 /* Build configuration list for PBXNativeTarget "newsoftheworld" */ = {
			isa = XCConfigurationList;
			buildConfigurations = (
				33F220422F9274F100837818 /* Debug */,
				33F220432F9274F100837818 /* Release */,
			);
			defaultConfigurationIsVisible = 0;
			defaultConfigurationName = Release;
		};
		33F220442F9274F100837818 /* Build configuration list for PBXNativeTarget "newsoftheworldTests" */ = {
			isa = XCConfigurationList;
			buildConfigurations = (
				33F220452F9274F100837818 /* Debug */,
				33F220462F9274F100837818 /* Release */,
			);
			defaultConfigurationIsVisible = 0;
			defaultConfigurationName = Release;
		};
		33F220472F9274F100837818 /* Build configuration list for PBXNativeTarget "newsoftheworldUITests" */ = {
			isa = XCConfigurationList;
			buildConfigurations = (
				33F220482F9274F100837818 /* Debug */,
				33F220492F9274F100837818 /* Release */,
			);
			defaultConfigurationIsVisible = 0;
			defaultConfigurationName = Release;
		};
/* End XCConfigurationList section */
	};
	rootObject = 33F220162F9274F000837818 /* Project object */;
}
